
Microsoft Visual Studio Solution File, Format Version 12.00
# Visual Studio Version 16
VisualStudioVersion = 16.0.32106.194
MinimumVisualStudioVersion = 10.0.40219.1
Project("{FAE04EC0-301F-11D3-BF4B-00C04F79EFBC}") = "CalculoXUnit", "TestXUnit\CalculoXUnit.csproj", "{B1B484A3-8488-47A3-9D27-30187EBC7F88}"
EndProject
Project("{FAE04EC0-301F-11D3-BF4B-00C04F79EFBC}") = "Test", "Test\Test.csproj", "{E4065352-B59C-49BB-B529-C8EA284C994A}"
EndProject
Global
	GlobalSection(SolutionConfigurationPlatforms) = preSolution
		Debug|Any CPU = Debug|Any CPU
		Release|Any CPU = Release|Any CPU
	EndGlobalSection
	GlobalSection(ProjectConfigurationPlatforms) = postSolution
		{B1B484A3-8488-47A3-9D27-30187EBC7F88}.Debug|Any CPU.ActiveCfg = Debug|Any CPU
		{B1B484A3-8488-47A3-9D27-30187EBC7F88}.Debug|Any CPU.Build.0 = Debug|Any CPU
		{B1B484A3-8488-47A3-9D27-30187EBC7F88}.Release|Any CPU.ActiveCfg = Release|Any CPU
		{B1B484A3-8488-47A3-9D27-30187EBC7F88}.Release|Any CPU.Build.0 = Release|Any CPU
		{E4065352-B59C-49BB-B529-C8EA284C994A}.Debug|Any CPU.ActiveCfg = Debug|Any CPU
		{E4065352-B59C-49BB-B529-C8EA284C994A}.Debug|Any CPU.Build.0 = Debug|Any CPU
		{E4065352-B59C-49BB-B529-C8EA284C994A}.Release|Any CPU.ActiveCfg = Release|Any CPU
		{E4065352-B59C-49BB-B529-C8EA284C994A}.Release|Any CPU.Build.0 = Release|Any CPU
	EndGlobalSection
	GlobalSection(SolutionProperties) = preSolution
		HideSolutionNode = FALSE
	EndGlobalSection
	GlobalSection(ExtensibilityGlobals) = postSolution
		SolutionGuid = {A9C328A5-6418-4339-9BD2-314E69F3E202}
	EndGlobalSection
EndGlobal
